
Microsoft Visual Studio Solution File, Format Version 12.00
# Visual Studio Version 16
VisualStudioVersion = 16.0.31205.134
MinimumVisualStudioVersion = 10.0.40219.1
Project("{FAE04EC0-301F-11D3-BF4B-00C04F79EFBC}") = "iMessengerCoreAPI", "iMessengerCoreAPI.csproj", "{D55152F5-BED3-4D78-B7A8-58EBF0B859CE}"
EndProject
Global
	GlobalSection(SolutionConfigurationPlatforms) = preSolution
		Debug|Any CPU = Debug|Any CPU
		Release|Any CPU = Release|Any CPU
	EndGlobalSection
	GlobalSection(ProjectConfigurationPlatforms) = postSolution
		{D55152F5-BED3-4D78-B7A8-58EBF0B859CE}.Debug|Any CPU.ActiveCfg = Debug|Any CPU
		{D55152F5-BED3-4D78-B7A8-58EBF0B859CE}.Debug|Any CPU.Build.0 = Debug|Any CPU
		{D55152F5-BED3-4D78-B7A8-58EBF0B859CE}.Release|Any CPU.ActiveCfg = Release|Any CPU
		{D55152F5-BED3-4D78-B7A8-58EBF0B859CE}.Release|Any CPU.Build.0 = Release|Any CPU
	EndGlobalSection
	GlobalSection(SolutionProperties) = preSolution
		HideSolutionNode = FALSE
	EndGlobalSection
	GlobalSection(ExtensibilityGlobals) = postSolution
		SolutionGuid = {1F3C0DC1-A240-4400-944B-E70128618502}
	EndGlobalSection
EndGlobal
